{
  "name": "@jaisocx/tree",
  "version": "1.2.05",
  "lockfileVersion": 3,
  "requires": true,
  "packages": {
    "": {
      "name": "@jaisocx/tree",
      "version": "1.2.05",
      "license": "ISC",
      "optionalDependencies": {
        "@jaisocx/event-emitter": "^1.2.x",
        "@jaisocx/template-renderer": "^1.2.x"
      }
    }
  }
}
