{
  "name": "@jaisocx/tree",
  "version": "1.2.01",
  "lockfileVersion": 3,
  "requires": true,
  "packages": {
    "": {
      "name": "@jaisocx/tree",
      "version": "1.2.01",
      "license": "ISC",
      "optionalDependencies": {
        "@jaisocx/event-emitter": "^1.0.x",
        "@jaisocx/template-renderer": "^1.0.x"
      }
    },
    "../EventEmitter": {
      "name": "@jaisocx/event-emitter",
      "version": "1.0.03",
      "license": "ISC",
      "optional": true,
      "devDependencies": {
        "typescript": "^4.x"
      }
    },
    "../EventEmitter/node_modules/typescript": {
      "version": "4.9.5",
      "dev": true,
      "license": "Apache-2.0",
      "optional": true,
      "bin": {
        "tsc": "bin/tsc",
        "tsserver": "bin/tsserver"
      },
      "engines": {
        "node": ">=4.2.0"
      }
    },
    "../TemplateRenderer": {
      "name": "@jaisocx/template-renderer",
      "version": "1.0.03",
      "license": "ISC",
      "optional": true,
      "devDependencies": {
        "typescript": "^4.x"
      },
      "optionalDependencies": {
        "@jaisocx/event-emitter": "^1.0.x"
      }
    },
    "../TemplateRenderer/node_modules/@jaisocx/event-emitter": {
      "resolved": "../EventEmitter",
      "link": true
    },
    "../TemplateRenderer/node_modules/typescript": {
      "version": "4.9.5",
      "dev": true,
      "license": "Apache-2.0",
      "optional": true,
      "bin": {
        "tsc": "bin/tsc",
        "tsserver": "bin/tsserver"
      },
      "engines": {
        "node": ">=4.2.0"
      }
    },
    "node_modules/@jaisocx/event-emitter": {
      "resolved": "../EventEmitter",
      "link": true
    },
    "node_modules/@jaisocx/template-renderer": {
      "resolved": "../TemplateRenderer",
      "link": true
    }
  }
}
