{
  "name": "@jaisocx/example-template-renderer",
  "version": "1.0.1",
  "lockfileVersion": 3,
  "requires": true,
  "packages": {
    "": {
      "name": "@jaisocx/example-template-renderer",
      "version": "1.0.1",
      "dependencies": {
        "@jaisocx/template-renderer": "^1.0.x"
      },
      "devDependencies": {
        "typescript": "^4.x"
      }
    },
    "../../modules/EventEmitter": {
      "name": "@jaisocx/event-emitter",
      "version": "1.0.1",
      "license": "ISC",
      "devDependencies": {
        "typescript": "^4.x"
      }
    },
    "../../modules/EventEmitter/node_modules/typescript": {
      "version": "4.9.5",
      "dev": true,
      "license": "Apache-2.0",
      "bin": {
        "tsc": "bin/tsc",
        "tsserver": "bin/tsserver"
      },
      "engines": {
        "node": ">=4.2.0"
      }
    },
    "../../modules/TemplateRenderer": {
      "name": "@jaisocx/template-renderer",
      "version": "1.0.1",
      "license": "ISC",
      "dependencies": {
        "@jaisocx/event-emitter": "^1.0.x"
      },
      "devDependencies": {
        "typescript": "^4.x"
      }
    },
    "../../modules/TemplateRenderer/node_modules/@jaisocx/event-emitter": {
      "resolved": "../../modules/EventEmitter",
      "link": true
    },
    "../../modules/TemplateRenderer/node_modules/typescript": {
      "version": "4.9.5",
      "dev": true,
      "license": "Apache-2.0",
      "bin": {
        "tsc": "bin/tsc",
        "tsserver": "bin/tsserver"
      },
      "engines": {
        "node": ">=4.2.0"
      }
    },
    "node_modules/@jaisocx/template-renderer": {
      "resolved": "../../modules/TemplateRenderer",
      "link": true
    },
    "node_modules/typescript": {
      "version": "4.9.5",
      "dev": true,
      "license": "Apache-2.0",
      "bin": {
        "tsc": "bin/tsc",
        "tsserver": "bin/tsserver"
      },
      "engines": {
        "node": ">=4.2.0"
      }
    }
  }
}
